
Microsoft Visual Studio Solution File, Format Version 12.00
# Visual Studio Version 17
VisualStudioVersion = 17.5.002.0
MinimumVisualStudioVersion = 10.0.40219.1
Project("{9A19103F-16F7-4668-BE54-9A1E7A4F7556}") = "backend", "backend.csproj", "{8768D014-43E7-4BAB-ABC2-16CA5B1F294E}"
EndProject
Global
	GlobalSection(SolutionConfigurationPlatforms) = preSolution
		Debug|Any CPU = Debug|Any CPU
		Release|Any CPU = Release|Any CPU
	EndGlobalSection
	GlobalSection(ProjectConfigurationPlatforms) = postSolution
		{8768D014-43E7-4BAB-ABC2-16CA5B1F294E}.Debug|Any CPU.ActiveCfg = Debug|Any CPU
		{8768D014-43E7-4BAB-ABC2-16CA5B1F294E}.Debug|Any CPU.Build.0 = Debug|Any CPU
		{8768D014-43E7-4BAB-ABC2-16CA5B1F294E}.Release|Any CPU.ActiveCfg = Release|Any CPU
		{8768D014-43E7-4BAB-ABC2-16CA5B1F294E}.Release|Any CPU.Build.0 = Release|Any CPU
	EndGlobalSection
	GlobalSection(SolutionProperties) = preSolution
		HideSolutionNode = FALSE
	EndGlobalSection
	GlobalSection(ExtensibilityGlobals) = postSolution
		SolutionGuid = {8476A2C8-EBB9-4C2F-82B7-1BC0493090AA}
	EndGlobalSection
EndGlobal
